{
  "version": "5",
  "specifiers": {
    "jsr:@std/assert@^1.0.14": "1.0.14",
    "jsr:@std/internal@^1.0.10": "1.0.10",
    "npm:@opentelemetry/api-logs@0.205": "0.205.0",
    "npm:@opentelemetry/api@^1.9.0": "1.9.0",
    "npm:@opentelemetry/context-async-hooks@^2.1.0": "2.1.0_@opentelemetry+api@1.9.0",
    "npm:@opentelemetry/exporter-logs-otlp-http@0.205": "0.205.0_@opentelemetry+api@1.9.0",
    "npm:@opentelemetry/exporter-trace-otlp-http@0.205": "0.205.0_@opentelemetry+api@1.9.0",
    "npm:@opentelemetry/otlp-exporter-base@0.205": "0.205.0_@opentelemetry+api@1.9.0",
    "npm:@opentelemetry/resources@^2.1.0": "2.1.0_@opentelemetry+api@1.9.0",
    "npm:@opentelemetry/sdk-logs@0.205": "0.205.0_@opentelemetry+api@1.9.0",
    "npm:@opentelemetry/sdk-trace-base@^2.1.0": "2.1.0_@opentelemetry+api@1.9.0",
    "npm:@opentelemetry/sdk-trace-node@^2.1.0": "2.1.0_@opentelemetry+api@1.9.0",
    "npm:logzai-otl@^1.0.5": "1.0.5_@opentelemetry+api@1.9.0"
  },
  "jsr": {
    "@std/assert@1.0.14": {
      "integrity": "68d0d4a43b365abc927f45a9b85c639ea18a9fab96ad92281e493e4ed84abaa4",
      "dependencies": [
        "jsr:@std/internal"
      ]
    },
    "@std/internal@1.0.10": {
      "integrity": "e3be62ce42cab0e177c27698e5d9800122f67b766a0bea6ca4867886cbde8cf7"
    }
  },
  "npm": {
    "@opentelemetry/api-logs@0.205.0": {
      "integrity": "sha512-wBlPk1nFB37Hsm+3Qy73yQSobVn28F4isnWIBvKpd5IUH/eat8bwcL02H9yzmHyyPmukeccSl2mbN5sDQZYnPg==",
      "dependencies": [
        "@opentelemetry/api"
      ]
    },
    "@opentelemetry/api@1.9.0": {
      "integrity": "sha512-3giAOQvZiH5F9bMlMiv8+GSPMeqg0dbaeo58/0SlA9sxSqZhnUtxzX9/2FzyhS9sWQf5S0GJE0AKBrFqjpeYcg=="
    },
    "@opentelemetry/context-async-hooks@2.1.0_@opentelemetry+api@1.9.0": {
      "integrity": "sha512-zOyetmZppnwTyPrt4S7jMfXiSX9yyfF0hxlA8B5oo2TtKl+/RGCy7fi4DrBfIf3lCPrkKsRBWZZD7RFojK7FDg==",
      "dependencies": [
        "@opentelemetry/api"
      ]
    },
    "@opentelemetry/context-zone-peer-dep@2.1.0_@opentelemetry+api@1.9.0_zone.js@0.15.1": {
      "integrity": "sha512-qB1b3p3T6A7Tu1HV//up3/q0mPWkOix12fHA4nvvzBmh82GVt+GgrbMvW4r609F8t3arn6HvCn9pmz6sBJ2Mbg==",
      "dependencies": [
        "@opentelemetry/api",
        "zone.js"
      ]
    },
    "@opentelemetry/context-zone@2.1.0_@opentelemetry+api@1.9.0_zone.js@0.15.1": {
      "integrity": "sha512-TW4oq3Dk56h185Ty0WIr/KyRnxj6sYFHg2Ip+pOdecMPv1iT7r1z99gfvDadUsHSfXE5IUL7H7LaIkornYVQSw==",
      "dependencies": [
        "@opentelemetry/context-zone-peer-dep",
        "zone.js"
      ]
    },
    "@opentelemetry/core@2.1.0_@opentelemetry+api@1.9.0": {
      "integrity": "sha512-RMEtHsxJs/GiHHxYT58IY57UXAQTuUnZVco6ymDEqTNlJKTimM4qPUPVe8InNFyBjhHBEAx4k3Q8LtNayBsbUQ==",
      "dependencies": [
        "@opentelemetry/api",
        "@opentelemetry/semantic-conventions"
      ]
    },
    "@opentelemetry/exporter-logs-otlp-http@0.205.0_@opentelemetry+api@1.9.0": {
      "integrity": "sha512-5JteMyVWiro4ghF0tHQjfE6OJcF7UBUcoEqX3UIQ5jutKP1H+fxFdyhqjjpmeHMFxzOHaYuLlNR1Bn7FOjGyJg==",
      "dependencies": [
        "@opentelemetry/api",
        "@opentelemetry/api-logs",
        "@opentelemetry/core",
        "@opentelemetry/otlp-exporter-base",
        "@opentelemetry/otlp-transformer",
        "@opentelemetry/sdk-logs"
      ]
    },
    "@opentelemetry/exporter-trace-otlp-http@0.205.0_@opentelemetry+api@1.9.0": {
      "integrity": "sha512-vr2bwwPCSc9u7rbKc74jR+DXFvyMFQo9o5zs+H/fgbK672Whw/1izUKVf+xfWOdJOvuwTnfWxy+VAY+4TSo74Q==",
      "dependencies": [
        "@opentelemetry/api",
        "@opentelemetry/core",
        "@opentelemetry/otlp-exporter-base",
        "@opentelemetry/otlp-transformer",
        "@opentelemetry/resources",
        "@opentelemetry/sdk-trace-base"
      ]
    },
    "@opentelemetry/otlp-exporter-base@0.205.0_@opentelemetry+api@1.9.0": {
      "integrity": "sha512-2MN0C1IiKyo34M6NZzD6P9Nv9Dfuz3OJ3rkZwzFmF6xzjDfqqCTatc9v1EpNfaP55iDOCLHFyYNCgs61FFgtUQ==",
      "dependencies": [
        "@opentelemetry/api",
        "@opentelemetry/core",
        "@opentelemetry/otlp-transformer"
      ]
    },
    "@opentelemetry/otlp-transformer@0.205.0_@opentelemetry+api@1.9.0": {
      "integrity": "sha512-KmObgqPtk9k/XTlWPJHdMbGCylRAmMJNXIRh6VYJmvlRDMfe+DonH41G7eenG8t4FXn3fxOGh14o/WiMRR6vPg==",
      "dependencies": [
        "@opentelemetry/api",
        "@opentelemetry/api-logs",
        "@opentelemetry/core",
        "@opentelemetry/resources",
        "@opentelemetry/sdk-logs",
        "@opentelemetry/sdk-metrics",
        "@opentelemetry/sdk-trace-base",
        "protobufjs"
      ]
    },
    "@opentelemetry/resources@2.1.0_@opentelemetry+api@1.9.0": {
      "integrity": "sha512-1CJjf3LCvoefUOgegxi8h6r4B/wLSzInyhGP2UmIBYNlo4Qk5CZ73e1eEyWmfXvFtm1ybkmfb2DqWvspsYLrWw==",
      "dependencies": [
        "@opentelemetry/api",
        "@opentelemetry/core",
        "@opentelemetry/semantic-conventions"
      ]
    },
    "@opentelemetry/sdk-logs@0.205.0_@opentelemetry+api@1.9.0": {
      "integrity": "sha512-nyqhNQ6eEzPWQU60Nc7+A5LIq8fz3UeIzdEVBQYefB4+msJZ2vuVtRuk9KxPMw1uHoHDtYEwkr2Ct0iG29jU8w==",
      "dependencies": [
        "@opentelemetry/api",
        "@opentelemetry/api-logs",
        "@opentelemetry/core",
        "@opentelemetry/resources"
      ]
    },
    "@opentelemetry/sdk-metrics@2.1.0_@opentelemetry+api@1.9.0": {
      "integrity": "sha512-J9QX459mzqHLL9Y6FZ4wQPRZG4TOpMCyPOh6mkr/humxE1W2S3Bvf4i75yiMW9uyed2Kf5rxmLhTm/UK8vNkAw==",
      "dependencies": [
        "@opentelemetry/api",
        "@opentelemetry/core",
        "@opentelemetry/resources"
      ]
    },
    "@opentelemetry/sdk-trace-base@2.1.0_@opentelemetry+api@1.9.0": {
      "integrity": "sha512-uTX9FBlVQm4S2gVQO1sb5qyBLq/FPjbp+tmGoxu4tIgtYGmBYB44+KX/725RFDe30yBSaA9Ml9fqphe1hbUyLQ==",
      "dependencies": [
        "@opentelemetry/api",
        "@opentelemetry/core",
        "@opentelemetry/resources",
        "@opentelemetry/semantic-conventions"
      ]
    },
    "@opentelemetry/sdk-trace-node@2.1.0_@opentelemetry+api@1.9.0": {
      "integrity": "sha512-SvVlBFc/jI96u/mmlKm86n9BbTCbQ35nsPoOohqJX6DXH92K0kTe73zGY5r8xoI1QkjR9PizszVJLzMC966y9Q==",
      "dependencies": [
        "@opentelemetry/api",
        "@opentelemetry/context-async-hooks",
        "@opentelemetry/core",
        "@opentelemetry/sdk-trace-base"
      ]
    },
    "@opentelemetry/sdk-trace-web@2.1.0_@opentelemetry+api@1.9.0": {
      "integrity": "sha512-2F6ZuZFmJg4CdhRPP8+60DkvEwGLCiU3ffAkgnnqe/ALGEBqGa0HrZaNWFGprXWVivrYHpXhr7AEfasgLZD71g==",
      "dependencies": [
        "@opentelemetry/api",
        "@opentelemetry/core",
        "@opentelemetry/sdk-trace-base"
      ]
    },
    "@opentelemetry/semantic-conventions@1.37.0": {
      "integrity": "sha512-JD6DerIKdJGmRp4jQyX5FlrQjA4tjOw1cvfsPAZXfOOEErMUHjPcPSICS+6WnM0nB0efSFARh0KAZss+bvExOA=="
    },
    "@protobufjs/aspromise@1.1.2": {
      "integrity": "sha512-j+gKExEuLmKwvz3OgROXtrJ2UG2x8Ch2YZUxahh+s1F2HZ+wAceUNLkvy6zKCPVRkU++ZWQrdxsUeQXmcg4uoQ=="
    },
    "@protobufjs/base64@1.1.2": {
      "integrity": "sha512-AZkcAA5vnN/v4PDqKyMR5lx7hZttPDgClv83E//FMNhR2TMcLUhfRUBHCmSl0oi9zMgDDqRUJkSxO3wm85+XLg=="
    },
    "@protobufjs/codegen@2.0.4": {
      "integrity": "sha512-YyFaikqM5sH0ziFZCN3xDC7zeGaB/d0IUb9CATugHWbd1FRFwWwt4ld4OYMPWu5a3Xe01mGAULCdqhMlPl29Jg=="
    },
    "@protobufjs/eventemitter@1.1.0": {
      "integrity": "sha512-j9ednRT81vYJ9OfVuXG6ERSTdEL1xVsNgqpkxMsbIabzSo3goCjDIveeGv5d03om39ML71RdmrGNjG5SReBP/Q=="
    },
    "@protobufjs/fetch@1.1.0": {
      "integrity": "sha512-lljVXpqXebpsijW71PZaCYeIcE5on1w5DlQy5WH6GLbFryLUrBD4932W/E2BSpfRJWseIL4v/KPgBFxDOIdKpQ==",
      "dependencies": [
        "@protobufjs/aspromise",
        "@protobufjs/inquire"
      ]
    },
    "@protobufjs/float@1.0.2": {
      "integrity": "sha512-Ddb+kVXlXst9d+R9PfTIxh1EdNkgoRe5tOX6t01f1lYWOvJnSPDBlG241QLzcyPdoNTsblLUdujGSE4RzrTZGQ=="
    },
    "@protobufjs/inquire@1.1.0": {
      "integrity": "sha512-kdSefcPdruJiFMVSbn801t4vFK7KB/5gd2fYvrxhuJYg8ILrmn9SKSX2tZdV6V+ksulWqS7aXjBcRXl3wHoD9Q=="
    },
    "@protobufjs/path@1.1.2": {
      "integrity": "sha512-6JOcJ5Tm08dOHAbdR3GrvP+yUUfkjG5ePsHYczMFLq3ZmMkAD98cDgcT2iA1lJ9NVwFd4tH/iSSoe44YWkltEA=="
    },
    "@protobufjs/pool@1.1.0": {
      "integrity": "sha512-0kELaGSIDBKvcgS4zkjz1PeddatrjYcmMWOlAuAPwAeccUrPHdUqo/J6LiymHHEiJT5NrF1UVwxY14f+fy4WQw=="
    },
    "@protobufjs/utf8@1.1.0": {
      "integrity": "sha512-Vvn3zZrhQZkkBE8LSuW3em98c0FwgO4nxzv6OdSxPKJIEKY2bGbHn+mhGIPerzI4twdxaP8/0+06HBpwf345Lw=="
    },
    "@types/node@24.5.2": {
      "integrity": "sha512-FYxk1I7wPv3K2XBaoyH2cTnocQEu8AOZ60hPbsyukMPLv5/5qr7V1i8PLHdl6Zf87I+xZXFvPCXYjiTFq+YSDQ==",
      "dependencies": [
        "undici-types"
      ]
    },
    "logzai-otl@1.0.5_@opentelemetry+api@1.9.0": {
      "integrity": "sha512-OH3pg3KdLZYh0Bsr/04X4PqbTBL42hu9mL/ZoxoBrtQ2ZI4huDE1sb1f/XiermVYNOpR9CI2+qwJjNrQZ0VJJg==",
      "dependencies": [
        "@opentelemetry/api",
        "@opentelemetry/api-logs",
        "@opentelemetry/context-async-hooks",
        "@opentelemetry/context-zone",
        "@opentelemetry/exporter-logs-otlp-http",
        "@opentelemetry/exporter-trace-otlp-http",
        "@opentelemetry/otlp-exporter-base",
        "@opentelemetry/resources",
        "@opentelemetry/sdk-logs",
        "@opentelemetry/sdk-trace-base",
        "@opentelemetry/sdk-trace-node",
        "@opentelemetry/sdk-trace-web"
      ]
    },
    "long@5.3.2": {
      "integrity": "sha512-mNAgZ1GmyNhD7AuqnTG3/VQ26o760+ZYBPKjPvugO8+nLbYfX6TVpJPseBvopbdY+qpZ/lKUnmEc1LeZYS3QAA=="
    },
    "protobufjs@7.5.4": {
      "integrity": "sha512-CvexbZtbov6jW2eXAvLukXjXUW1TzFaivC46BpWc/3BpcCysb5Vffu+B3XHMm8lVEuy2Mm4XGex8hBSg1yapPg==",
      "dependencies": [
        "@protobufjs/aspromise",
        "@protobufjs/base64",
        "@protobufjs/codegen",
        "@protobufjs/eventemitter",
        "@protobufjs/fetch",
        "@protobufjs/float",
        "@protobufjs/inquire",
        "@protobufjs/path",
        "@protobufjs/pool",
        "@protobufjs/utf8",
        "@types/node",
        "long"
      ],
      "scripts": true
    },
    "undici-types@7.12.0": {
      "integrity": "sha512-goOacqME2GYyOZZfb5Lgtu+1IDmAlAEu5xnD3+xTzS10hT0vzpf0SPjkXwAw9Jm+4n/mQGDP3LO8CPbYROeBfQ=="
    },
    "zone.js@0.15.1": {
      "integrity": "sha512-XE96n56IQpJM7NAoXswY3XRLcWFW83xe0BiAOeMD7K5k5xecOeul3Qcpx6GqEeeHNkW5DWL5zOyTbEfB4eti8w=="
    }
  },
  "workspace": {
    "dependencies": [
      "jsr:@std/assert@^1.0.14",
      "npm:@opentelemetry/api-logs@0.205",
      "npm:@opentelemetry/api@^1.9.0",
      "npm:@opentelemetry/context-async-hooks@^2.1.0",
      "npm:@opentelemetry/exporter-logs-otlp-http@0.205",
      "npm:@opentelemetry/exporter-trace-otlp-http@0.205",
      "npm:@opentelemetry/otlp-exporter-base@0.205",
      "npm:@opentelemetry/resources@^2.1.0",
      "npm:@opentelemetry/sdk-logs@0.205",
      "npm:@opentelemetry/sdk-trace-base@^2.1.0",
      "npm:@opentelemetry/sdk-trace-node@^2.1.0",
      "npm:logzai-otl@^1.0.5"
    ]
  }
}
